
Microsoft Visual Studio Solution File, Format Version 12.00
# Visual Studio 15
VisualStudioVersion = 15.0.27130.2027
MinimumVisualStudioVersion = 10.0.40219.1
Project("{9A19103F-16F7-4668-BE54-9A1E7A4F7556}") = "lab2", "lab2.csproj", "{E3917F99-0B6F-4083-9FC8-0B278A58506D}"
EndProject
Global
	GlobalSection(SolutionConfigurationPlatforms) = preSolution
		Debug|Any CPU = Debug|Any CPU
		Release|Any CPU = Release|Any CPU
	EndGlobalSection
	GlobalSection(ProjectConfigurationPlatforms) = postSolution
		{E3917F99-0B6F-4083-9FC8-0B278A58506D}.Debug|Any CPU.ActiveCfg = Debug|Any CPU
		{E3917F99-0B6F-4083-9FC8-0B278A58506D}.Debug|Any CPU.Build.0 = Debug|Any CPU
		{E3917F99-0B6F-4083-9FC8-0B278A58506D}.Release|Any CPU.ActiveCfg = Release|Any CPU
		{E3917F99-0B6F-4083-9FC8-0B278A58506D}.Release|Any CPU.Build.0 = Release|Any CPU
	EndGlobalSection
	GlobalSection(SolutionProperties) = preSolution
		HideSolutionNode = FALSE
	EndGlobalSection
	GlobalSection(ExtensibilityGlobals) = postSolution
		SolutionGuid = {1962FDCC-4AF2-49F2-9EDE-847F1B28EE80}
	EndGlobalSection
EndGlobal
